
Microsoft Visual Studio Solution File, Format Version 12.00
# Visual Studio Version 17
VisualStudioVersion = 17.0.31521.260
MinimumVisualStudioVersion = 10.0.40219.1
Project("{9A19103F-16F7-4668-BE54-9A1E7A4F7556}") = "Miku.Console", "Miku.Console.csproj", "{5AE8129E-C229-42AC-8C38-A8012CB42C08}"
EndProject
Project("{D954291E-2A0B-460D-934E-DC6B0785DB48}") = "Miku.Lua", "..\code\Lua\Miku.Lua.shproj", "{5142AD09-93FF-4D6C-9090-7AE4BD272C62}"
EndProject
Project("{2150E333-8FDC-42A3-9474-1A3956D46DE8}") = "Solution Items", "Solution Items", "{4A137691-4D11-40E7-8F59-E0D80106EFE8}"
	ProjectSection(SolutionItems) = preProject
		..\.addon = ..\.addon
		..\.editorconfig = ..\.editorconfig
		..\.gitattributes = ..\.gitattributes
		..\.gitignore = ..\.gitignore
		..\.gitmodules = ..\.gitmodules
		..\gmod_metatables.txt = ..\gmod_metatables.txt
		..\LICENSE = ..\LICENSE
		..\README.md = ..\README.md
	EndProjectSection
EndProject
Project("{9A19103F-16F7-4668-BE54-9A1E7A4F7556}") = "Miku.Benchmarks", "..\.benchmarks\Miku.Benchmarks.csproj", "{2CF75DF4-8736-4B58-BC89-1D4DFAF10A2A}"
EndProject
Project("{9A19103F-16F7-4668-BE54-9A1E7A4F7556}") = "Miku.Tests", "..\.tests\Miku.Tests.csproj", "{1947D7A1-2DA5-464A-A3FA-83D600F3B584}"
EndProject
Global
	GlobalSection(SharedMSBuildProjectFiles) = preSolution
		..\code\Lua\Miku.Lua.projitems*{5142ad09-93ff-4d6c-9090-7ae4bd272c62}*SharedItemsImports = 13
		..\code\Lua\Miku.Lua.projitems*{5ae8129e-c229-42ac-8c38-a8012cb42c08}*SharedItemsImports = 5
	EndGlobalSection
	GlobalSection(SolutionConfigurationPlatforms) = preSolution
		Debug|Any CPU = Debug|Any CPU
		Release|Any CPU = Release|Any CPU
	EndGlobalSection
	GlobalSection(ProjectConfigurationPlatforms) = postSolution
		{5AE8129E-C229-42AC-8C38-A8012CB42C08}.Debug|Any CPU.ActiveCfg = Debug|Any CPU
		{5AE8129E-C229-42AC-8C38-A8012CB42C08}.Debug|Any CPU.Build.0 = Debug|Any CPU
		{5AE8129E-C229-42AC-8C38-A8012CB42C08}.Release|Any CPU.ActiveCfg = Release|Any CPU
		{5AE8129E-C229-42AC-8C38-A8012CB42C08}.Release|Any CPU.Build.0 = Release|Any CPU
		{2CF75DF4-8736-4B58-BC89-1D4DFAF10A2A}.Debug|Any CPU.ActiveCfg = Debug|Any CPU
		{2CF75DF4-8736-4B58-BC89-1D4DFAF10A2A}.Debug|Any CPU.Build.0 = Debug|Any CPU
		{2CF75DF4-8736-4B58-BC89-1D4DFAF10A2A}.Release|Any CPU.ActiveCfg = Release|Any CPU
		{2CF75DF4-8736-4B58-BC89-1D4DFAF10A2A}.Release|Any CPU.Build.0 = Release|Any CPU
		{1947D7A1-2DA5-464A-A3FA-83D600F3B584}.Debug|Any CPU.ActiveCfg = Debug|Any CPU
		{1947D7A1-2DA5-464A-A3FA-83D600F3B584}.Debug|Any CPU.Build.0 = Debug|Any CPU
		{1947D7A1-2DA5-464A-A3FA-83D600F3B584}.Release|Any CPU.ActiveCfg = Release|Any CPU
		{1947D7A1-2DA5-464A-A3FA-83D600F3B584}.Release|Any CPU.Build.0 = Release|Any CPU
	EndGlobalSection
	GlobalSection(SolutionProperties) = preSolution
		HideSolutionNode = FALSE
	EndGlobalSection
	GlobalSection(ExtensibilityGlobals) = postSolution
		SolutionGuid = {30A9D2C8-B5FE-4E2D-87D1-0F07A3553FDA}
	EndGlobalSection
EndGlobal
